
Microsoft Visual Studio Solution File, Format Version 12.00
# Visual Studio Version 16
VisualStudioVersion = 16.0.32228.343
MinimumVisualStudioVersion = 10.0.40219.1
Project("{FAE04EC0-301F-11D3-BF4B-00C04F79EFBC}") = "FinalData", "FinalData\FinalData.csproj", "{808FE91E-6D7F-4FA0-B296-F4F8123E186C}"
EndProject
Global
	GlobalSection(SolutionConfigurationPlatforms) = preSolution
		Debug|Any CPU = Debug|Any CPU
		Release|Any CPU = Release|Any CPU
	EndGlobalSection
	GlobalSection(ProjectConfigurationPlatforms) = postSolution
		{808FE91E-6D7F-4FA0-B296-F4F8123E186C}.Debug|Any CPU.ActiveCfg = Debug|Any CPU
		{808FE91E-6D7F-4FA0-B296-F4F8123E186C}.Debug|Any CPU.Build.0 = Debug|Any CPU
		{808FE91E-6D7F-4FA0-B296-F4F8123E186C}.Release|Any CPU.ActiveCfg = Release|Any CPU
		{808FE91E-6D7F-4FA0-B296-F4F8123E186C}.Release|Any CPU.Build.0 = Release|Any CPU
	EndGlobalSection
	GlobalSection(SolutionProperties) = preSolution
		HideSolutionNode = FALSE
	EndGlobalSection
	GlobalSection(ExtensibilityGlobals) = postSolution
		SolutionGuid = {3CB110A1-21E8-4D83-BEED-30DDDC3547E0}
	EndGlobalSection
EndGlobal
